
Microsoft Visual Studio Solution File, Format Version 12.00
# Visual Studio Version 17
VisualStudioVersion = 17.2.32630.192
MinimumVisualStudioVersion = 10.0.40219.1
Project("{9A19103F-16F7-4668-BE54-9A1E7A4F7556}") = "WPFTemplate.Tests", "WPFTemplate.Tests\WPFTemplate.Tests.csproj", "{8BCC6784-767D-482E-845D-98194535233D}"
EndProject
Project("{9A19103F-16F7-4668-BE54-9A1E7A4F7556}") = "WPFTemplate", "WPFTemplate\WPFTemplate.csproj", "{170F0BC8-8954-42BA-9C17-BD8791FADD12}"
EndProject
Project("{FAE04EC0-301F-11D3-BF4B-00C04F79EFBC}") = "WPFTemplate.Tests.Framework", "WPFTemplate.Tests.Framework\WPFTemplate.Tests.Framework.csproj", "{6C06138E-922D-407C-9108-E73BD7CD12BF}"
EndProject
Global
	GlobalSection(SolutionConfigurationPlatforms) = preSolution
		Debug|Any CPU = Debug|Any CPU
		Release|Any CPU = Release|Any CPU
	EndGlobalSection
	GlobalSection(ProjectConfigurationPlatforms) = postSolution
		{8BCC6784-767D-482E-845D-98194535233D}.Debug|Any CPU.ActiveCfg = Debug|Any CPU
		{8BCC6784-767D-482E-845D-98194535233D}.Debug|Any CPU.Build.0 = Debug|Any CPU
		{8BCC6784-767D-482E-845D-98194535233D}.Release|Any CPU.ActiveCfg = Release|Any CPU
		{8BCC6784-767D-482E-845D-98194535233D}.Release|Any CPU.Build.0 = Release|Any CPU
		{170F0BC8-8954-42BA-9C17-BD8791FADD12}.Debug|Any CPU.ActiveCfg = Debug|Any CPU
		{170F0BC8-8954-42BA-9C17-BD8791FADD12}.Debug|Any CPU.Build.0 = Debug|Any CPU
		{170F0BC8-8954-42BA-9C17-BD8791FADD12}.Release|Any CPU.ActiveCfg = Release|Any CPU
		{170F0BC8-8954-42BA-9C17-BD8791FADD12}.Release|Any CPU.Build.0 = Release|Any CPU
		{6C06138E-922D-407C-9108-E73BD7CD12BF}.Debug|Any CPU.ActiveCfg = Debug|Any CPU
		{6C06138E-922D-407C-9108-E73BD7CD12BF}.Debug|Any CPU.Build.0 = Debug|Any CPU
		{6C06138E-922D-407C-9108-E73BD7CD12BF}.Release|Any CPU.ActiveCfg = Release|Any CPU
		{6C06138E-922D-407C-9108-E73BD7CD12BF}.Release|Any CPU.Build.0 = Release|Any CPU
	EndGlobalSection
	GlobalSection(SolutionProperties) = preSolution
		HideSolutionNode = FALSE
	EndGlobalSection
	GlobalSection(ExtensibilityGlobals) = postSolution
		SolutionGuid = {4BD44A9A-8B99-40AA-B16A-29C00FDC39A8}
	EndGlobalSection
EndGlobal
